{
  "name": "callops-calle-cli-runtime",
  "version": "0.0.0",
  "lockfileVersion": 3,
  "requires": true,
  "packages": {
    "": {
      "name": "callops-calle-cli-runtime",
      "version": "0.0.0",
      "license": "MIT",
      "dependencies": {
        "@call-e/cli": "0.3.7",
        "@call-e/core": "0.2.3"
      },
      "engines": {
        "node": ">=22"
      }
    },
    "node_modules/@call-e/cli": {
      "version": "0.3.7",
      "resolved": "https://registry.npmjs.org/@call-e/cli/-/cli-0.3.7.tgz",
      "integrity": "sha512-RQZtV4okJyCabvR/ejYTAy0rn6GTFRuaYJW9+CxrtocoraDe+QIs6Q94q4/oDn4lCzfwD5Le835IhYMOmq2aAw==",
      "license": "MIT",
      "dependencies": {
        "@call-e/core": "^0.2.2"
      },
      "bin": {
        "calle": "bin/calle.js"
      },
      "engines": {
        "node": ">=22"
      }
    },
    "node_modules/@call-e/core": {
      "version": "0.2.3",
      "resolved": "https://registry.npmjs.org/@call-e/core/-/core-0.2.3.tgz",
      "integrity": "sha512-xDe+gHBJTbrGac0y47BJYzhqvQFIJSQvjfdtqiHHjkYwfgU+1r46ya+l8mtUXZLnoDiRdL1Ff27XzHfDQWWQsg==",
      "license": "MIT",
      "engines": {
        "node": ">=22"
      }
    }
  }
}
