{
  "name": "@parcelbridge/calle-bridge",
  "version": "0.1.0-public-ref",
  "lockfileVersion": 3,
  "requires": true,
  "packages": {
    "": {
      "name": "@parcelbridge/calle-bridge",
      "version": "0.1.0-public-ref",
      "license": "MIT",
      "dependencies": {
        "@call-e/core": "0.2.3"
      },
      "engines": {
        "node": ">=22"
      }
    },
    "node_modules/@call-e/core": {
      "version": "0.2.3",
      "resolved": "https://registry.npmjs.org/@call-e/core/-/core-0.2.3.tgz",
      "integrity": "sha512-xDe+gHBJTbrGac0y47BJYzhqvQFIJSQvjfdtqiHHjkYwfgU+1r46ya+l8mtUXZLnoDiRdL1Ff27XzHfDQWWQsg==",
      "license": "MIT",
      "engines": {
        "node": ">=22"
      }
    }
  }
}
