{
  "name": "medroute-calle",
  "version": "0.1.0",
  "lockfileVersion": 3,
  "requires": true,
  "packages": {
    "": {
      "name": "medroute-calle",
      "version": "0.1.0",
      "dependencies": {
        "@call-e/calle": "^0.2.2"
      }
    },
    "node_modules/@call-e/calle": {
      "version": "0.2.2",
      "resolved": "https://registry.npmjs.org/@call-e/calle/-/calle-0.2.2.tgz",
      "integrity": "sha512-o1cDf/mASU92luUbdiUj1E7AFtXK+mm4ikGwB3x+G9RaEZCezs7/vYKDMEydnRmM1b8FEzzQB+Z+ehoE5kKvGw==",
      "dependencies": {
        "openapi-fetch": "^0.14.0"
      },
      "bin": {
        "calle": "dist/cli.js"
      }
    },
    "node_modules/openapi-fetch": {
      "version": "0.14.1",
      "resolved": "https://registry.npmjs.org/openapi-fetch/-/openapi-fetch-0.14.1.tgz",
      "integrity": "sha512-l7RarRHxlEZYjMLd/PR0slfMVse2/vvIAGm75/F7J6MlQ8/b9uUQmUF2kCPrQhJqMXSxmYWObVgeYXbFYzZR+A==",
      "license": "MIT",
      "dependencies": {
        "openapi-typescript-helpers": "^0.0.15"
      }
    },
    "node_modules/openapi-typescript-helpers": {
      "version": "0.0.15",
      "resolved": "https://registry.npmjs.org/openapi-typescript-helpers/-/openapi-typescript-helpers-0.0.15.tgz",
      "integrity": "sha512-opyTPaunsklCBpTK8JGef6mfPhLSnyy5a0IN9vKtx3+4aExf+KxEqYwIy3hqkedXIB97u357uLMJsOnm3GVjsw==",
      "license": "MIT"
    }
  }
}
